
Microsoft Visual Studio Solution File, Format Version 12.00
# Visual Studio Version 16
VisualStudioVersion = 16.0.30907.101
MinimumVisualStudioVersion = 10.0.40219.1
Project("{FAE04EC0-301F-11D3-BF4B-00C04F79EFBC}") = "Presentation", "Presentation\Presentation.csproj", "{A5931A8A-FFF3-4C94-8A2A-757FB93744ED}"
EndProject
Global
	GlobalSection(SolutionConfigurationPlatforms) = preSolution
		Debug|Any CPU = Debug|Any CPU
		Release|Any CPU = Release|Any CPU
	EndGlobalSection
	GlobalSection(ProjectConfigurationPlatforms) = postSolution
		{A5931A8A-FFF3-4C94-8A2A-757FB93744ED}.Debug|Any CPU.ActiveCfg = Debug|Any CPU
		{A5931A8A-FFF3-4C94-8A2A-757FB93744ED}.Debug|Any CPU.Build.0 = Debug|Any CPU
		{A5931A8A-FFF3-4C94-8A2A-757FB93744ED}.Release|Any CPU.ActiveCfg = Release|Any CPU
		{A5931A8A-FFF3-4C94-8A2A-757FB93744ED}.Release|Any CPU.Build.0 = Release|Any CPU
	EndGlobalSection
	GlobalSection(SolutionProperties) = preSolution
		HideSolutionNode = FALSE
	EndGlobalSection
	GlobalSection(ExtensibilityGlobals) = postSolution
		SolutionGuid = {28066975-F8D2-440E-BC4F-8ABFAE566C9D}
	EndGlobalSection
EndGlobal
